
Microsoft Visual Studio Solution File, Format Version 12.00
# Visual Studio 15
VisualStudioVersion = 15.0.26730.12
MinimumVisualStudioVersion = 10.0.40219.1
Project("{FAE04EC0-301F-11D3-BF4B-00C04F79EFBC}") = "MVCDemo", "MVCDemo\MVCDemo.csproj", "{487048D1-8D45-4A74-9976-946922FE2B2A}"
EndProject
Global
	GlobalSection(SolutionConfigurationPlatforms) = preSolution
		Debug|Any CPU = Debug|Any CPU
		Release|Any CPU = Release|Any CPU
	EndGlobalSection
	GlobalSection(ProjectConfigurationPlatforms) = postSolution
		{487048D1-8D45-4A74-9976-946922FE2B2A}.Debug|Any CPU.ActiveCfg = Debug|Any CPU
		{487048D1-8D45-4A74-9976-946922FE2B2A}.Debug|Any CPU.Build.0 = Debug|Any CPU
		{487048D1-8D45-4A74-9976-946922FE2B2A}.Release|Any CPU.ActiveCfg = Release|Any CPU
		{487048D1-8D45-4A74-9976-946922FE2B2A}.Release|Any CPU.Build.0 = Release|Any CPU
	EndGlobalSection
	GlobalSection(SolutionProperties) = preSolution
		HideSolutionNode = FALSE
	EndGlobalSection
	GlobalSection(ExtensibilityGlobals) = postSolution
		SolutionGuid = {73B8CFFE-4F41-4486-B4E0-E66BA4669A13}
	EndGlobalSection
EndGlobal
